// !$*UTF8*$!
{
	archiveVersion = 1;
	classes = {
	};
	objectVersion = 50;
	objects = {

/* Begin PBXBuildFile section */
		12004284260CCB6C002CB846 /* AppDelegate.swift in Sources */ = {isa = PBXBuildFile; fileRef = 12004283260CCB6C002CB846 /* AppDelegate.swift */; };
		12004286260CCB6C002CB846 /* SceneDelegate.swift in Sources */ = {isa = PBXBuildFile; fileRef = 12004285260CCB6C002CB846 /* SceneDelegate.swift */; };
		12004288260CCB6C002CB846 /* ViewController.swift in Sources */ = {isa = PBXBuildFile; fileRef = 12004287260CCB6C002CB846 /* ViewController.swift */; };
		1200428D260CCB6F002CB846 /* Assets.xcassets in Resources */ = {isa = PBXBuildFile; fileRef = 1200428C260CCB6F002CB846 /* Assets.xcassets */; };
		12004290260CCB6F002CB846 /* LaunchScreen.storyboard in Resources */ = {isa = PBXBuildFile; fileRef = 1200428E260CCB6F002CB846 /* LaunchScreen.storyboard */; };
		1200429C260CD227002CB846 /* MainTabBarController.swift in Sources */ = {isa = PBXBuildFile; fileRef = 1200429B260CD227002CB846 /* MainTabBarController.swift */; };
		120042A0260CD339002CB846 /* FeedsViewController.swift in Sources */ = {isa = PBXBuildFile; fileRef = 1200429F260CD339002CB846 /* FeedsViewController.swift */; };
		120042A3260CD348002CB846 /* ReportsViewController.swift in Sources */ = {isa = PBXBuildFile; fileRef = 120042A2260CD348002CB846 /* ReportsViewController.swift */; };
		120042A6260CD3B9002CB846 /* UserViewController.swift in Sources */ = {isa = PBXBuildFile; fileRef = 120042A5260CD3B9002CB846 /* UserViewController.swift */; };
		120042AE260CD9D9002CB846 /* Constants.swift in Sources */ = {isa = PBXBuildFile; fileRef = 120042AD260CD9D9002CB846 /* Constants.swift */; };
/* End PBXBuildFile section */

/* Begin PBXFileReference section */
		12004280260CCB6C002CB846 /* UIPractice.app */ = {isa = PBXFileReference; explicitFileType = wrapper.application; includeInIndex = 0; path = UIPractice.app; sourceTree = BUILT_PRODUCTS_DIR; };
		12004283260CCB6C002CB846 /* AppDelegate.swift */ = {isa = PBXFileReference; lastKnownFileType = sourcecode.swift; path = AppDelegate.swift; sourceTree = "<group>"; };
		12004285260CCB6C002CB846 /* SceneDelegate.swift */ = {isa = PBXFileReference; lastKnownFileType = sourcecode.swift; path = SceneDelegate.swift; sourceTree = "<group>"; };
		12004287260CCB6C002CB846 /* ViewController.swift */ = {isa = PBXFileReference; lastKnownFileType = sourcecode.swift; path = ViewController.swift; sourceTree = "<group>"; };
		1200428C260CCB6F002CB846 /* Assets.xcassets */ = {isa = PBXFileReference; lastKnownFileType = folder.assetcatalog; path = Assets.xcassets; sourceTree = "<group>"; };
		1200428F260CCB6F002CB846 /* Base */ = {isa = PBXFileReference; lastKnownFileType = file.storyboard; name = Base; path = Base.lproj/LaunchScreen.storyboard; sourceTree = "<group>"; };
		12004291260CCB6F002CB846 /* Info.plist */ = {isa = PBXFileReference; lastKnownFileType = text.plist.xml; path = Info.plist; sourceTree = "<group>"; };
		1200429B260CD227002CB846 /* MainTabBarController.swift */ = {isa = PBXFileReference; lastKnownFileType = sourcecode.swift; path = MainTabBarController.swift; sourceTree = "<group>"; };
		1200429F260CD339002CB846 /* FeedsViewController.swift */ = {isa = PBXFileReference; lastKnownFileType = sourcecode.swift; path = FeedsViewController.swift; sourceTree = "<group>"; };
		120042A2260CD348002CB846 /* ReportsViewController.swift */ = {isa = PBXFileReference; lastKnownFileType = sourcecode.swift; path = ReportsViewController.swift; sourceTree = "<group>"; };
		120042A5260CD3B9002CB846 /* UserViewController.swift */ = {isa = PBXFileReference; lastKnownFileType = sourcecode.swift; path = UserViewController.swift; sourceTree = "<group>"; };
		120042AD260CD9D9002CB846 /* Constants.swift */ = {isa = PBXFileReference; lastKnownFileType = sourcecode.swift; path = Constants.swift; sourceTree = "<group>"; };
/* End PBXFileReference section */

/* Begin PBXFrameworksBuildPhase section */
		1200427D260CCB6C002CB846 /* Frameworks */ = {
			isa = PBXFrameworksBuildPhase;
			buildActionMask = 2147483647;
			files = (
			);
			runOnlyForDeploymentPostprocessing = 0;
		};
/* End PBXFrameworksBuildPhase section */

/* Begin PBXGroup section */
		12004277260CCB6C002CB846 = {
			isa = PBXGroup;
			children = (
				12004282260CCB6C002CB846 /* UIPractice */,
				12004281260CCB6C002CB846 /* Products */,
			);
			sourceTree = "<group>";
		};
		12004281260CCB6C002CB846 /* Products */ = {
			isa = PBXGroup;
			children = (
				12004280260CCB6C002CB846 /* UIPractice.app */,
			);
			name = Products;
			sourceTree = "<group>";
		};
		12004282260CCB6C002CB846 /* UIPractice */ = {
			isa = PBXGroup;
			children = (
				120042AC260CD9C3002CB846 /* Extensions */,
				1200429E260CD309002CB846 /* Screens */,
				12004283260CCB6C002CB846 /* AppDelegate.swift */,
				12004285260CCB6C002CB846 /* SceneDelegate.swift */,
				12004287260CCB6C002CB846 /* ViewController.swift */,
				1200428C260CCB6F002CB846 /* Assets.xcassets */,
				1200428E260CCB6F002CB846 /* LaunchScreen.storyboard */,
				12004291260CCB6F002CB846 /* Info.plist */,
			);
			path = UIPractice;
			sourceTree = "<group>";
		};
		1200429E260CD309002CB846 /* Screens */ = {
			isa = PBXGroup;
			children = (
				1200429B260CD227002CB846 /* MainTabBarController.swift */,
				1200429F260CD339002CB846 /* FeedsViewController.swift */,
				120042A2260CD348002CB846 /* ReportsViewController.swift */,
				120042A5260CD3B9002CB846 /* UserViewController.swift */,
			);
			path = Screens;
			sourceTree = "<group>";
		};
		120042AC260CD9C3002CB846 /* Extensions */ = {
			isa = PBXGroup;
			children = (
				120042AD260CD9D9002CB846 /* Constants.swift */,
			);
			path = Extensions;
			sourceTree = "<group>";
		};
/* End PBXGroup section */

/* Begin PBXNativeTarget section */
		1200427F260CCB6C002CB846 /* UIPractice */ = {
			isa = PBXNativeTarget;
			buildConfigurationList = 12004294260CCB6F002CB846 /* Build configuration list for PBXNativeTarget "UIPractice" */;
			buildPhases = (
				1200427C260CCB6C002CB846 /* Sources */,
				1200427D260CCB6C002CB846 /* Frameworks */,
				1200427E260CCB6C002CB846 /* Resources */,
			);
			buildRules = (
			);
			dependencies = (
			);
			name = UIPractice;
			productName = UIPractice;
			productReference = 12004280260CCB6C002CB846 /* UIPractice.app */;
			productType = "com.apple.product-type.application";
		};
/* End PBXNativeTarget section */

/* Begin PBXProject section */
		12004278260CCB6C002CB846 /* Project object */ = {
			isa = PBXProject;
			attributes = {
				LastSwiftUpdateCheck = 1230;
				LastUpgradeCheck = 1230;
				TargetAttributes = {
					1200427F260CCB6C002CB846 = {
						CreatedOnToolsVersion = 12.3;
					};
				};
			};
			buildConfigurationList = 1200427B260CCB6C002CB846 /* Build configuration list for PBXProject "UIPractice" */;
			compatibilityVersion = "Xcode 9.3";
			developmentRegion = en;
			hasScannedForEncodings = 0;
			knownRegions = (
				en,
				Base,
			);
			mainGroup = 12004277260CCB6C002CB846;
			productRefGroup = 12004281260CCB6C002CB846 /* Products */;
			projectDirPath = "";
			projectRoot = "";
			targets = (
				1200427F260CCB6C002CB846 /* UIPractice */,
			);
		};
/* End PBXProject section */

/* Begin PBXResourcesBuildPhase section */
		1200427E260CCB6C002CB846 /* Resources */ = {
			isa = PBXResourcesBuildPhase;
			buildActionMask = 2147483647;
			files = (
				12004290260CCB6F002CB846 /* LaunchScreen.storyboard in Resources */,
				1200428D260CCB6F002CB846 /* Assets.xcassets in Resources */,
			);
			runOnlyForDeploymentPostprocessing = 0;
		};
/* End PBXResourcesBuildPhase section */

/* Begin PBXSourcesBuildPhase section */
		1200427C260CCB6C002CB846 /* Sources */ = {
			isa = PBXSourcesBuildPhase;
			buildActionMask = 2147483647;
			files = (
				12004288260CCB6C002CB846 /* ViewController.swift in Sources */,
				120042A3260CD348002CB846 /* ReportsViewController.swift in Sources */,
				120042A0260CD339002CB846 /* FeedsViewController.swift in Sources */,
				12004284260CCB6C002CB846 /* AppDelegate.swift in Sources */,
				1200429C260CD227002CB846 /* MainTabBarController.swift in Sources */,
				120042A6260CD3B9002CB846 /* UserViewController.swift in Sources */,
				12004286260CCB6C002CB846 /* SceneDelegate.swift in Sources */,
				120042AE260CD9D9002CB846 /* Constants.swift in Sources */,
			);
			runOnlyForDeploymentPostprocessing = 0;
		};
/* End PBXSourcesBuildPhase section */

/* Begin PBXVariantGroup section */
		1200428E260CCB6F002CB846 /* LaunchScreen.storyboard */ = {
			isa = PBXVariantGroup;
			children = (
				1200428F260CCB6F002CB846 /* Base */,
			);
			name = LaunchScreen.storyboard;
			sourceTree = "<group>";
		};
/* End PBXVariantGroup section */

/* Begin XCBuildConfiguration section */
		12004292260CCB6F002CB846 /* Debug */ = {
			isa = XCBuildConfiguration;
			buildSettings = {
				ALWAYS_SEARCH_USER_PATHS = NO;
				CLANG_ANALYZER_NONNULL = YES;
				CLANG_ANALYZER_NUMBER_OBJECT_CONVERSION = YES_AGGRESSIVE;
				CLANG_CXX_LANGUAGE_STANDARD = "gnu++14";
				CLANG_CXX_LIBRARY = "libc++";
				CLANG_ENABLE_MODULES = YES;
				CLANG_ENABLE_OBJC_ARC = YES;
				CLANG_ENABLE_OBJC_WEAK = YES;
				CLANG_WARN_BLOCK_CAPTURE_AUTORELEASING = YES;
				CLANG_WARN_BOOL_CONVERSION = YES;
				CLANG_WARN_COMMA = YES;
				CLANG_WARN_CONSTANT_CONVERSION = YES;
				CLANG_WARN_DEPRECATED_OBJC_IMPLEMENTATIONS = YES;
				CLANG_WARN_DIRECT_OBJC_ISA_USAGE = YES_ERROR;
				CLANG_WARN_DOCUMENTATION_COMMENTS = YES;
				CLANG_WARN_EMPTY_BODY = YES;
				CLANG_WARN_ENUM_CONVERSION = YES;
				CLANG_WARN_INFINITE_RECURSION = YES;
				CLANG_WARN_INT_CONVERSION = YES;
				CLANG_WARN_NON_LITERAL_NULL_CONVERSION = YES;
				CLANG_WARN_OBJC_IMPLICIT_RETAIN_SELF = YES;
				CLANG_WARN_OBJC_LITERAL_CONVERSION = YES;
				CLANG_WARN_OBJC_ROOT_CLASS = YES_ERROR;
				CLANG_WARN_QUOTED_INCLUDE_IN_FRAMEWORK_HEADER = YES;
				CLANG_WARN_RANGE_LOOP_ANALYSIS = YES;
				CLANG_WARN_STRICT_PROTOTYPES = YES;
				CLANG_WARN_SUSPICIOUS_MOVE = YES;
				CLANG_WARN_UNGUARDED_AVAILABILITY = YES_AGGRESSIVE;
				CLANG_WARN_UNREACHABLE_CODE = YES;
				CLANG_WARN__DUPLICATE_METHOD_MATCH = YES;
				COPY_PHASE_STRIP = NO;
				DEBUG_INFORMATION_FORMAT = dwarf;
				ENABLE_STRICT_OBJC_MSGSEND = YES;
				ENABLE_TESTABILITY = YES;
				GCC_C_LANGUAGE_STANDARD = gnu11;
				GCC_DYNAMIC_NO_PIC = NO;
				GCC_NO_COMMON_BLOCKS = YES;
				GCC_OPTIMIZATION_LEVEL = 0;
				GCC_PREPROCESSOR_DEFINITIONS = (
					"DEBUG=1",
					"$(inherited)",
				);
				GCC_WARN_64_TO_32_BIT_CONVERSION = YES;
				GCC_WARN_ABOUT_RETURN_TYPE = YES_ERROR;
				GCC_WARN_UNDECLARED_SELECTOR = YES;
				GCC_WARN_UNINITIALIZED_AUTOS = YES_AGGRESSIVE;
				GCC_WARN_UNUSED_FUNCTION = YES;
				GCC_WARN_UNUSED_VARIABLE = YES;
				IPHONEOS_DEPLOYMENT_TARGET = 14.3;
				MTL_ENABLE_DEBUG_INFO = INCLUDE_SOURCE;
				MTL_FAST_MATH = YES;
				ONLY_ACTIVE_ARCH = YES;
				SDKROOT = iphoneos;
				SWIFT_ACTIVE_COMPILATION_CONDITIONS = DEBUG;
				SWIFT_OPTIMIZATION_LEVEL = "-Onone";
			};
			name = Debug;
		};
		12004293260CCB6F002CB846 /* Release */ = {
			isa = XCBuildConfiguration;
			buildSettings = {
				ALWAYS_SEARCH_USER_PATHS = NO;
				CLANG_ANALYZER_NONNULL = YES;
				CLANG_ANALYZER_NUMBER_OBJECT_CONVERSION = YES_AGGRESSIVE;
				CLANG_CXX_LANGUAGE_STANDARD = "gnu++14";
				CLANG_CXX_LIBRARY = "libc++";
				CLANG_ENABLE_MODULES = YES;
				CLANG_ENABLE_OBJC_ARC = YES;
				CLANG_ENABLE_OBJC_WEAK = YES;
				CLANG_WARN_BLOCK_CAPTURE_AUTORELEASING = YES;
				CLANG_WARN_BOOL_CONVERSION = YES;
				CLANG_WARN_COMMA = YES;
				CLANG_WARN_CONSTANT_CONVERSION = YES;
				CLANG_WARN_DEPRECATED_OBJC_IMPLEMENTATIONS = YES;
				CLANG_WARN_DIRECT_OBJC_ISA_USAGE = YES_ERROR;
				CLANG_WARN_DOCUMENTATION_COMMENTS = YES;
				CLANG_WARN_EMPTY_BODY = YES;
				CLANG_WARN_ENUM_CONVERSION = YES;
				CLANG_WARN_INFINITE_RECURSION = YES;
				CLANG_WARN_INT_CONVERSION = YES;
				CLANG_WARN_NON_LITERAL_NULL_CONVERSION = YES;
				CLANG_WARN_OBJC_IMPLICIT_RETAIN_SELF = YES;
				CLANG_WARN_OBJC_LITERAL_CONVERSION = YES;
				CLANG_WARN_OBJC_ROOT_CLASS = YES_ERROR;
				CLANG_WARN_QUOTED_INCLUDE_IN_FRAMEWORK_HEADER = YES;
				CLANG_WARN_RANGE_LOOP_ANALYSIS = YES;
				CLANG_WARN_STRICT_PROTOTYPES = YES;
				CLANG_WARN_SUSPICIOUS_MOVE = YES;
				CLANG_WARN_UNGUARDED_AVAILABILITY = YES_AGGRESSIVE;
				CLANG_WARN_UNREACHABLE_CODE = YES;
				CLANG_WARN__DUPLICATE_METHOD_MATCH = YES;
				COPY_PHASE_STRIP = NO;
				DEBUG_INFORMATION_FORMAT = "dwarf-with-dsym";
				ENABLE_NS_ASSERTIONS = NO;
				ENABLE_STRICT_OBJC_MSGSEND = YES;
				GCC_C_LANGUAGE_STANDARD = gnu11;
				GCC_NO_COMMON_BLOCKS = YES;
				GCC_WARN_64_TO_32_BIT_CONVERSION = YES;
				GCC_WARN_ABOUT_RETURN_TYPE = YES_ERROR;
				GCC_WARN_UNDECLARED_SELECTOR = YES;
				GCC_WARN_UNINITIALIZED_AUTOS = YES_AGGRESSIVE;
				GCC_WARN_UNUSED_FUNCTION = YES;
				GCC_WARN_UNUSED_VARIABLE = YES;
				IPHONEOS_DEPLOYMENT_TARGET = 14.3;
				MTL_ENABLE_DEBUG_INFO = NO;
				MTL_FAST_MATH = YES;
				SDKROOT = iphoneos;
				SWIFT_COMPILATION_MODE = wholemodule;
				SWIFT_OPTIMIZATION_LEVEL = "-O";
				VALIDATE_PRODUCT = YES;
			};
			name = Release;
		};
		12004295260CCB6F002CB846 /* Debug */ = {
			isa = XCBuildConfiguration;
			buildSettings = {
				ASSETCATALOG_COMPILER_APPICON_NAME = AppIcon;
				ASSETCATALOG_COMPILER_GLOBAL_ACCENT_COLOR_NAME = AccentColor;
				CODE_SIGN_STYLE = Automatic;
				DEVELOPMENT_TEAM = 8FT674V95S;
				INFOPLIST_FILE = UIPractice/Info.plist;
				LD_RUNPATH_SEARCH_PATHS = (
					"$(inherited)",
					"@executable_path/Frameworks",
				);
				PRODUCT_BUNDLE_IDENTIFIER = che.tech.UIPractice;
				PRODUCT_NAME = "$(TARGET_NAME)";
				SWIFT_VERSION = 5.0;
				TARGETED_DEVICE_FAMILY = 1;
			};
			name = Debug;
		};
		12004296260CCB6F002CB846 /* Release */ = {
			isa = XCBuildConfiguration;
			buildSettings = {
				ASSETCATALOG_COMPILER_APPICON_NAME = AppIcon;
				ASSETCATALOG_COMPILER_GLOBAL_ACCENT_COLOR_NAME = AccentColor;
				CODE_SIGN_STYLE = Automatic;
				DEVELOPMENT_TEAM = 8FT674V95S;
				INFOPLIST_FILE = UIPractice/Info.plist;
				LD_RUNPATH_SEARCH_PATHS = (
					"$(inherited)",
					"@executable_path/Frameworks",
				);
				PRODUCT_BUNDLE_IDENTIFIER = che.tech.UIPractice;
				PRODUCT_NAME = "$(TARGET_NAME)";
				SWIFT_VERSION = 5.0;
				TARGETED_DEVICE_FAMILY = 1;
			};
			name = Release;
		};
/* End XCBuildConfiguration section */

/* Begin XCConfigurationList section */
		1200427B260CCB6C002CB846 /* Build configuration list for PBXProject "UIPractice" */ = {
			isa = XCConfigurationList;
			buildConfigurations = (
				12004292260CCB6F002CB846 /* Debug */,
				12004293260CCB6F002CB846 /* Release */,
			);
			defaultConfigurationIsVisible = 0;
			defaultConfigurationName = Release;
		};
		12004294260CCB6F002CB846 /* Build configuration list for PBXNativeTarget "UIPractice" */ = {
			isa = XCConfigurationList;
			buildConfigurations = (
				12004295260CCB6F002CB846 /* Debug */,
				12004296260CCB6F002CB846 /* Release */,
			);
			defaultConfigurationIsVisible = 0;
			defaultConfigurationName = Release;
		};
/* End XCConfigurationList section */
	};
	rootObject = 12004278260CCB6C002CB846 /* Project object */;
}
