// !$*UTF8*$!
{
	archiveVersion = 1;
	classes = {
	};
	objectVersion = 52;
	objects = {

/* Begin PBXBuildFile section */
		12004284260CCB6C002CB846 /* AppDelegate.swift in Sources */ = {isa = PBXBuildFile; fileRef = 12004283260CCB6C002CB846 /* AppDelegate.swift */; };
		12004286260CCB6C002CB846 /* SceneDelegate.swift in Sources */ = {isa = PBXBuildFile; fileRef = 12004285260CCB6C002CB846 /* SceneDelegate.swift */; };
		12004288260CCB6C002CB846 /* SignInViewController.swift in Sources */ = {isa = PBXBuildFile; fileRef = 12004287260CCB6C002CB846 /* SignInViewController.swift */; };
		1200428D260CCB6F002CB846 /* Assets.xcassets in Resources */ = {isa = PBXBuildFile; fileRef = 1200428C260CCB6F002CB846 /* Assets.xcassets */; };
		12004290260CCB6F002CB846 /* LaunchScreen.storyboard in Resources */ = {isa = PBXBuildFile; fileRef = 1200428E260CCB6F002CB846 /* LaunchScreen.storyboard */; };
		1200429C260CD227002CB846 /* MainTabBarController.swift in Sources */ = {isa = PBXBuildFile; fileRef = 1200429B260CD227002CB846 /* MainTabBarController.swift */; };
		120042A0260CD339002CB846 /* FeedsViewController.swift in Sources */ = {isa = PBXBuildFile; fileRef = 1200429F260CD339002CB846 /* FeedsViewController.swift */; };
		120042A3260CD348002CB846 /* ReportsViewController.swift in Sources */ = {isa = PBXBuildFile; fileRef = 120042A2260CD348002CB846 /* ReportsViewController.swift */; };
		120042A6260CD3B9002CB846 /* UserViewController.swift in Sources */ = {isa = PBXBuildFile; fileRef = 120042A5260CD3B9002CB846 /* UserViewController.swift */; };
		120042AE260CD9D9002CB846 /* Constants.swift in Sources */ = {isa = PBXBuildFile; fileRef = 120042AD260CD9D9002CB846 /* Constants.swift */; };
		12487733260D06BA001F3C70 /* UIView+Ext.swift in Sources */ = {isa = PBXBuildFile; fileRef = 12487732260D06BA001F3C70 /* UIView+Ext.swift */; };
		12487737260D2F14001F3C70 /* AccountSettingsViewController.swift in Sources */ = {isa = PBXBuildFile; fileRef = 12487736260D2F14001F3C70 /* AccountSettingsViewController.swift */; };
		1248773A260D2F5C001F3C70 /* UITableView+Ext.swift in Sources */ = {isa = PBXBuildFile; fileRef = 12487739260D2F5C001F3C70 /* UITableView+Ext.swift */; };
		1248773E260D300D001F3C70 /* AccountSettingsCell.swift in Sources */ = {isa = PBXBuildFile; fileRef = 1248773D260D300D001F3C70 /* AccountSettingsCell.swift */; };
		1253D5A3260CF028007F4B6C /* SnapKit in Frameworks */ = {isa = PBXBuildFile; productRef = 1253D5A2260CF028007F4B6C /* SnapKit */; };
		1253D5AD260CF503007F4B6C /* BrandLabel.swift in Sources */ = {isa = PBXBuildFile; fileRef = 1253D5AC260CF503007F4B6C /* BrandLabel.swift */; };
		1253D5B0260CF515007F4B6C /* BrandButton.swift in Sources */ = {isa = PBXBuildFile; fileRef = 1253D5AF260CF515007F4B6C /* BrandButton.swift */; };
		1253D5B3260CF54A007F4B6C /* BrandTextField.swift in Sources */ = {isa = PBXBuildFile; fileRef = 1253D5B2260CF54A007F4B6C /* BrandTextField.swift */; };
		127DFD41261232F0003AAEA3 /* MyDonationsViewController.swift in Sources */ = {isa = PBXBuildFile; fileRef = 127DFD40261232F0003AAEA3 /* MyDonationsViewController.swift */; };
		127DFD442612330F003AAEA3 /* MyDonationsCell.swift in Sources */ = {isa = PBXBuildFile; fileRef = 127DFD432612330F003AAEA3 /* MyDonationsCell.swift */; };
		127DFD4926123D7B003AAEA3 /* HelpThroughMeCell.swift in Sources */ = {isa = PBXBuildFile; fileRef = 127DFD4826123D7B003AAEA3 /* HelpThroughMeCell.swift */; };
		127DFD4C26123D92003AAEA3 /* HelpThroughMeViewController.swift in Sources */ = {isa = PBXBuildFile; fileRef = 127DFD4B26123D92003AAEA3 /* HelpThroughMeViewController.swift */; };
		12CEBA13260FC51900BD3BD0 /* FoundsViewController.swift in Sources */ = {isa = PBXBuildFile; fileRef = 12CEBA12260FC51900BD3BD0 /* FoundsViewController.swift */; };
		12CEBA16260FC56D00BD3BD0 /* FoundCell.swift in Sources */ = {isa = PBXBuildFile; fileRef = 12CEBA15260FC56D00BD3BD0 /* FoundCell.swift */; };
/* End PBXBuildFile section */

/* Begin PBXFileReference section */
		12004280260CCB6C002CB846 /* UIPractice.app */ = {isa = PBXFileReference; explicitFileType = wrapper.application; includeInIndex = 0; path = UIPractice.app; sourceTree = BUILT_PRODUCTS_DIR; };
		12004283260CCB6C002CB846 /* AppDelegate.swift */ = {isa = PBXFileReference; lastKnownFileType = sourcecode.swift; path = AppDelegate.swift; sourceTree = "<group>"; };
		12004285260CCB6C002CB846 /* SceneDelegate.swift */ = {isa = PBXFileReference; lastKnownFileType = sourcecode.swift; path = SceneDelegate.swift; sourceTree = "<group>"; };
		12004287260CCB6C002CB846 /* SignInViewController.swift */ = {isa = PBXFileReference; lastKnownFileType = sourcecode.swift; path = SignInViewController.swift; sourceTree = "<group>"; };
		1200428C260CCB6F002CB846 /* Assets.xcassets */ = {isa = PBXFileReference; lastKnownFileType = folder.assetcatalog; path = Assets.xcassets; sourceTree = "<group>"; };
		1200428F260CCB6F002CB846 /* Base */ = {isa = PBXFileReference; lastKnownFileType = file.storyboard; name = Base; path = Base.lproj/LaunchScreen.storyboard; sourceTree = "<group>"; };
		12004291260CCB6F002CB846 /* Info.plist */ = {isa = PBXFileReference; lastKnownFileType = text.plist.xml; path = Info.plist; sourceTree = "<group>"; };
		1200429B260CD227002CB846 /* MainTabBarController.swift */ = {isa = PBXFileReference; lastKnownFileType = sourcecode.swift; path = MainTabBarController.swift; sourceTree = "<group>"; };
		1200429F260CD339002CB846 /* FeedsViewController.swift */ = {isa = PBXFileReference; lastKnownFileType = sourcecode.swift; path = FeedsViewController.swift; sourceTree = "<group>"; };
		120042A2260CD348002CB846 /* ReportsViewController.swift */ = {isa = PBXFileReference; lastKnownFileType = sourcecode.swift; path = ReportsViewController.swift; sourceTree = "<group>"; };
		120042A5260CD3B9002CB846 /* UserViewController.swift */ = {isa = PBXFileReference; lastKnownFileType = sourcecode.swift; path = UserViewController.swift; sourceTree = "<group>"; };
		120042AD260CD9D9002CB846 /* Constants.swift */ = {isa = PBXFileReference; lastKnownFileType = sourcecode.swift; path = Constants.swift; sourceTree = "<group>"; };
		12487732260D06BA001F3C70 /* UIView+Ext.swift */ = {isa = PBXFileReference; lastKnownFileType = sourcecode.swift; path = "UIView+Ext.swift"; sourceTree = "<group>"; };
		12487736260D2F14001F3C70 /* AccountSettingsViewController.swift */ = {isa = PBXFileReference; lastKnownFileType = sourcecode.swift; path = AccountSettingsViewController.swift; sourceTree = "<group>"; };
		12487739260D2F5C001F3C70 /* UITableView+Ext.swift */ = {isa = PBXFileReference; lastKnownFileType = sourcecode.swift; path = "UITableView+Ext.swift"; sourceTree = "<group>"; };
		1248773D260D300D001F3C70 /* AccountSettingsCell.swift */ = {isa = PBXFileReference; lastKnownFileType = sourcecode.swift; path = AccountSettingsCell.swift; sourceTree = "<group>"; };
		1253D5AC260CF503007F4B6C /* BrandLabel.swift */ = {isa = PBXFileReference; lastKnownFileType = sourcecode.swift; path = BrandLabel.swift; sourceTree = "<group>"; };
		1253D5AF260CF515007F4B6C /* BrandButton.swift */ = {isa = PBXFileReference; lastKnownFileType = sourcecode.swift; path = BrandButton.swift; sourceTree = "<group>"; };
		1253D5B2260CF54A007F4B6C /* BrandTextField.swift */ = {isa = PBXFileReference; lastKnownFileType = sourcecode.swift; path = BrandTextField.swift; sourceTree = "<group>"; };
		127DFD40261232F0003AAEA3 /* MyDonationsViewController.swift */ = {isa = PBXFileReference; lastKnownFileType = sourcecode.swift; path = MyDonationsViewController.swift; sourceTree = "<group>"; };
		127DFD432612330F003AAEA3 /* MyDonationsCell.swift */ = {isa = PBXFileReference; lastKnownFileType = sourcecode.swift; path = MyDonationsCell.swift; sourceTree = "<group>"; };
		127DFD4826123D7B003AAEA3 /* HelpThroughMeCell.swift */ = {isa = PBXFileReference; lastKnownFileType = sourcecode.swift; path = HelpThroughMeCell.swift; sourceTree = "<group>"; };
		127DFD4B26123D92003AAEA3 /* HelpThroughMeViewController.swift */ = {isa = PBXFileReference; lastKnownFileType = sourcecode.swift; path = HelpThroughMeViewController.swift; sourceTree = "<group>"; };
		12CEBA12260FC51900BD3BD0 /* FoundsViewController.swift */ = {isa = PBXFileReference; lastKnownFileType = sourcecode.swift; path = FoundsViewController.swift; sourceTree = "<group>"; };
		12CEBA15260FC56D00BD3BD0 /* FoundCell.swift */ = {isa = PBXFileReference; lastKnownFileType = sourcecode.swift; path = FoundCell.swift; sourceTree = "<group>"; };
/* End PBXFileReference section */

/* Begin PBXFrameworksBuildPhase section */
		1200427D260CCB6C002CB846 /* Frameworks */ = {
			isa = PBXFrameworksBuildPhase;
			buildActionMask = 2147483647;
			files = (
				1253D5A3260CF028007F4B6C /* SnapKit in Frameworks */,
			);
			runOnlyForDeploymentPostprocessing = 0;
		};
/* End PBXFrameworksBuildPhase section */

/* Begin PBXGroup section */
		12004277260CCB6C002CB846 = {
			isa = PBXGroup;
			children = (
				12004282260CCB6C002CB846 /* UIPractice */,
				12004281260CCB6C002CB846 /* Products */,
			);
			sourceTree = "<group>";
		};
		12004281260CCB6C002CB846 /* Products */ = {
			isa = PBXGroup;
			children = (
				12004280260CCB6C002CB846 /* UIPractice.app */,
			);
			name = Products;
			sourceTree = "<group>";
		};
		12004282260CCB6C002CB846 /* UIPractice */ = {
			isa = PBXGroup;
			children = (
				1253D5A8260CF486007F4B6C /* Custom Views */,
				120042AC260CD9C3002CB846 /* Extensions */,
				1200429E260CD309002CB846 /* Screens */,
				1253D5A7260CF43F007F4B6C /* Supporting */,
				12004291260CCB6F002CB846 /* Info.plist */,
			);
			path = UIPractice;
			sourceTree = "<group>";
		};
		1200429E260CD309002CB846 /* Screens */ = {
			isa = PBXGroup;
			children = (
				127DFD3F261232AB003AAEA3 /* Profile */,
				12CEBA11260FC4EA00BD3BD0 /* Founds */,
				1253D5A5260CF09C007F4B6C /* Registration */,
				1200429B260CD227002CB846 /* MainTabBarController.swift */,
				1200429F260CD339002CB846 /* FeedsViewController.swift */,
				120042A2260CD348002CB846 /* ReportsViewController.swift */,
				120042A5260CD3B9002CB846 /* UserViewController.swift */,
			);
			path = Screens;
			sourceTree = "<group>";
		};
		120042AC260CD9C3002CB846 /* Extensions */ = {
			isa = PBXGroup;
			children = (
				120042AD260CD9D9002CB846 /* Constants.swift */,
				12487732260D06BA001F3C70 /* UIView+Ext.swift */,
				12487739260D2F5C001F3C70 /* UITableView+Ext.swift */,
			);
			path = Extensions;
			sourceTree = "<group>";
		};
		1248773C260D2FE2001F3C70 /* AccoutSettings */ = {
			isa = PBXGroup;
			children = (
				12487736260D2F14001F3C70 /* AccountSettingsViewController.swift */,
				1248773D260D300D001F3C70 /* AccountSettingsCell.swift */,
			);
			name = AccoutSettings;
			sourceTree = "<group>";
		};
		1253D5A5260CF09C007F4B6C /* Registration */ = {
			isa = PBXGroup;
			children = (
				12004287260CCB6C002CB846 /* SignInViewController.swift */,
				1248773C260D2FE2001F3C70 /* AccoutSettings */,
			);
			path = Registration;
			sourceTree = "<group>";
		};
		1253D5A7260CF43F007F4B6C /* Supporting */ = {
			isa = PBXGroup;
			children = (
				12004283260CCB6C002CB846 /* AppDelegate.swift */,
				12004285260CCB6C002CB846 /* SceneDelegate.swift */,
				1200428C260CCB6F002CB846 /* Assets.xcassets */,
				1200428E260CCB6F002CB846 /* LaunchScreen.storyboard */,
			);
			path = Supporting;
			sourceTree = "<group>";
		};
		1253D5A8260CF486007F4B6C /* Custom Views */ = {
			isa = PBXGroup;
			children = (
				1253D5AC260CF503007F4B6C /* BrandLabel.swift */,
				1253D5AF260CF515007F4B6C /* BrandButton.swift */,
				1253D5B2260CF54A007F4B6C /* BrandTextField.swift */,
			);
			path = "Custom Views";
			sourceTree = "<group>";
		};
		127DFD3F261232AB003AAEA3 /* Profile */ = {
			isa = PBXGroup;
			children = (
				127DFD4726123D43003AAEA3 /* HelpThroughMe */,
				127DFD4626123D31003AAEA3 /* MyDonations */,
			);
			path = Profile;
			sourceTree = "<group>";
		};
		127DFD4626123D31003AAEA3 /* MyDonations */ = {
			isa = PBXGroup;
			children = (
				127DFD40261232F0003AAEA3 /* MyDonationsViewController.swift */,
				127DFD432612330F003AAEA3 /* MyDonationsCell.swift */,
			);
			path = MyDonations;
			sourceTree = "<group>";
		};
		127DFD4726123D43003AAEA3 /* HelpThroughMe */ = {
			isa = PBXGroup;
			children = (
				127DFD4826123D7B003AAEA3 /* HelpThroughMeCell.swift */,
				127DFD4B26123D92003AAEA3 /* HelpThroughMeViewController.swift */,
			);
			path = HelpThroughMe;
			sourceTree = "<group>";
		};
		12CEBA11260FC4EA00BD3BD0 /* Founds */ = {
			isa = PBXGroup;
			children = (
				12CEBA12260FC51900BD3BD0 /* FoundsViewController.swift */,
				12CEBA15260FC56D00BD3BD0 /* FoundCell.swift */,
			);
			path = Founds;
			sourceTree = "<group>";
		};
/* End PBXGroup section */

/* Begin PBXNativeTarget section */
		1200427F260CCB6C002CB846 /* UIPractice */ = {
			isa = PBXNativeTarget;
			buildConfigurationList = 12004294260CCB6F002CB846 /* Build configuration list for PBXNativeTarget "UIPractice" */;
			buildPhases = (
				1200427C260CCB6C002CB846 /* Sources */,
				1200427D260CCB6C002CB846 /* Frameworks */,
				1200427E260CCB6C002CB846 /* Resources */,
			);
			buildRules = (
			);
			dependencies = (
			);
			name = UIPractice;
			packageProductDependencies = (
				1253D5A2260CF028007F4B6C /* SnapKit */,
			);
			productName = UIPractice;
			productReference = 12004280260CCB6C002CB846 /* UIPractice.app */;
			productType = "com.apple.product-type.application";
		};
/* End PBXNativeTarget section */

/* Begin PBXProject section */
		12004278260CCB6C002CB846 /* Project object */ = {
			isa = PBXProject;
			attributes = {
				LastSwiftUpdateCheck = 1230;
				LastUpgradeCheck = 1230;
				TargetAttributes = {
					1200427F260CCB6C002CB846 = {
						CreatedOnToolsVersion = 12.3;
					};
				};
			};
			buildConfigurationList = 1200427B260CCB6C002CB846 /* Build configuration list for PBXProject "UIPractice" */;
			compatibilityVersion = "Xcode 9.3";
			developmentRegion = en;
			hasScannedForEncodings = 0;
			knownRegions = (
				en,
				Base,
			);
			mainGroup = 12004277260CCB6C002CB846;
			packageReferences = (
				1253D5A1260CF028007F4B6C /* XCRemoteSwiftPackageReference "SnapKit" */,
			);
			productRefGroup = 12004281260CCB6C002CB846 /* Products */;
			projectDirPath = "";
			projectRoot = "";
			targets = (
				1200427F260CCB6C002CB846 /* UIPractice */,
			);
		};
/* End PBXProject section */

/* Begin PBXResourcesBuildPhase section */
		1200427E260CCB6C002CB846 /* Resources */ = {
			isa = PBXResourcesBuildPhase;
			buildActionMask = 2147483647;
			files = (
				12004290260CCB6F002CB846 /* LaunchScreen.storyboard in Resources */,
				1200428D260CCB6F002CB846 /* Assets.xcassets in Resources */,
			);
			runOnlyForDeploymentPostprocessing = 0;
		};
/* End PBXResourcesBuildPhase section */

/* Begin PBXSourcesBuildPhase section */
		1200427C260CCB6C002CB846 /* Sources */ = {
			isa = PBXSourcesBuildPhase;
			buildActionMask = 2147483647;
			files = (
				12487737260D2F14001F3C70 /* AccountSettingsViewController.swift in Sources */,
				1253D5AD260CF503007F4B6C /* BrandLabel.swift in Sources */,
				12004288260CCB6C002CB846 /* SignInViewController.swift in Sources */,
				12CEBA13260FC51900BD3BD0 /* FoundsViewController.swift in Sources */,
				127DFD442612330F003AAEA3 /* MyDonationsCell.swift in Sources */,
				120042A3260CD348002CB846 /* ReportsViewController.swift in Sources */,
				127DFD4926123D7B003AAEA3 /* HelpThroughMeCell.swift in Sources */,
				120042A0260CD339002CB846 /* FeedsViewController.swift in Sources */,
				12004284260CCB6C002CB846 /* AppDelegate.swift in Sources */,
				1200429C260CD227002CB846 /* MainTabBarController.swift in Sources */,
				12CEBA16260FC56D00BD3BD0 /* FoundCell.swift in Sources */,
				1253D5B3260CF54A007F4B6C /* BrandTextField.swift in Sources */,
				127DFD4C26123D92003AAEA3 /* HelpThroughMeViewController.swift in Sources */,
				120042A6260CD3B9002CB846 /* UserViewController.swift in Sources */,
				1248773E260D300D001F3C70 /* AccountSettingsCell.swift in Sources */,
				127DFD41261232F0003AAEA3 /* MyDonationsViewController.swift in Sources */,
				12487733260D06BA001F3C70 /* UIView+Ext.swift in Sources */,
				12004286260CCB6C002CB846 /* SceneDelegate.swift in Sources */,
				1248773A260D2F5C001F3C70 /* UITableView+Ext.swift in Sources */,
				120042AE260CD9D9002CB846 /* Constants.swift in Sources */,
				1253D5B0260CF515007F4B6C /* BrandButton.swift in Sources */,
			);
			runOnlyForDeploymentPostprocessing = 0;
		};
/* End PBXSourcesBuildPhase section */

/* Begin PBXVariantGroup section */
		1200428E260CCB6F002CB846 /* LaunchScreen.storyboard */ = {
			isa = PBXVariantGroup;
			children = (
				1200428F260CCB6F002CB846 /* Base */,
			);
			name = LaunchScreen.storyboard;
			sourceTree = "<group>";
		};
/* End PBXVariantGroup section */

/* Begin XCBuildConfiguration section */
		12004292260CCB6F002CB846 /* Debug */ = {
			isa = XCBuildConfiguration;
			buildSettings = {
				ALWAYS_SEARCH_USER_PATHS = NO;
				CLANG_ANALYZER_NONNULL = YES;
				CLANG_ANALYZER_NUMBER_OBJECT_CONVERSION = YES_AGGRESSIVE;
				CLANG_CXX_LANGUAGE_STANDARD = "gnu++14";
				CLANG_CXX_LIBRARY = "libc++";
				CLANG_ENABLE_MODULES = YES;
				CLANG_ENABLE_OBJC_ARC = YES;
				CLANG_ENABLE_OBJC_WEAK = YES;
				CLANG_WARN_BLOCK_CAPTURE_AUTORELEASING = YES;
				CLANG_WARN_BOOL_CONVERSION = YES;
				CLANG_WARN_COMMA = YES;
				CLANG_WARN_CONSTANT_CONVERSION = YES;
				CLANG_WARN_DEPRECATED_OBJC_IMPLEMENTATIONS = YES;
				CLANG_WARN_DIRECT_OBJC_ISA_USAGE = YES_ERROR;
				CLANG_WARN_DOCUMENTATION_COMMENTS = YES;
				CLANG_WARN_EMPTY_BODY = YES;
				CLANG_WARN_ENUM_CONVERSION = YES;
				CLANG_WARN_INFINITE_RECURSION = YES;
				CLANG_WARN_INT_CONVERSION = YES;
				CLANG_WARN_NON_LITERAL_NULL_CONVERSION = YES;
				CLANG_WARN_OBJC_IMPLICIT_RETAIN_SELF = YES;
				CLANG_WARN_OBJC_LITERAL_CONVERSION = YES;
				CLANG_WARN_OBJC_ROOT_CLASS = YES_ERROR;
				CLANG_WARN_QUOTED_INCLUDE_IN_FRAMEWORK_HEADER = YES;
				CLANG_WARN_RANGE_LOOP_ANALYSIS = YES;
				CLANG_WARN_STRICT_PROTOTYPES = YES;
				CLANG_WARN_SUSPICIOUS_MOVE = YES;
				CLANG_WARN_UNGUARDED_AVAILABILITY = YES_AGGRESSIVE;
				CLANG_WARN_UNREACHABLE_CODE = YES;
				CLANG_WARN__DUPLICATE_METHOD_MATCH = YES;
				COPY_PHASE_STRIP = NO;
				DEBUG_INFORMATION_FORMAT = dwarf;
				ENABLE_STRICT_OBJC_MSGSEND = YES;
				ENABLE_TESTABILITY = YES;
				GCC_C_LANGUAGE_STANDARD = gnu11;
				GCC_DYNAMIC_NO_PIC = NO;
				GCC_NO_COMMON_BLOCKS = YES;
				GCC_OPTIMIZATION_LEVEL = 0;
				GCC_PREPROCESSOR_DEFINITIONS = (
					"DEBUG=1",
					"$(inherited)",
				);
				GCC_WARN_64_TO_32_BIT_CONVERSION = YES;
				GCC_WARN_ABOUT_RETURN_TYPE = YES_ERROR;
				GCC_WARN_UNDECLARED_SELECTOR = YES;
				GCC_WARN_UNINITIALIZED_AUTOS = YES_AGGRESSIVE;
				GCC_WARN_UNUSED_FUNCTION = YES;
				GCC_WARN_UNUSED_VARIABLE = YES;
				IPHONEOS_DEPLOYMENT_TARGET = 14.3;
				MTL_ENABLE_DEBUG_INFO = INCLUDE_SOURCE;
				MTL_FAST_MATH = YES;
				ONLY_ACTIVE_ARCH = YES;
				SDKROOT = iphoneos;
				SWIFT_ACTIVE_COMPILATION_CONDITIONS = DEBUG;
				SWIFT_OPTIMIZATION_LEVEL = "-Onone";
			};
			name = Debug;
		};
		12004293260CCB6F002CB846 /* Release */ = {
			isa = XCBuildConfiguration;
			buildSettings = {
				ALWAYS_SEARCH_USER_PATHS = NO;
				CLANG_ANALYZER_NONNULL = YES;
				CLANG_ANALYZER_NUMBER_OBJECT_CONVERSION = YES_AGGRESSIVE;
				CLANG_CXX_LANGUAGE_STANDARD = "gnu++14";
				CLANG_CXX_LIBRARY = "libc++";
				CLANG_ENABLE_MODULES = YES;
				CLANG_ENABLE_OBJC_ARC = YES;
				CLANG_ENABLE_OBJC_WEAK = YES;
				CLANG_WARN_BLOCK_CAPTURE_AUTORELEASING = YES;
				CLANG_WARN_BOOL_CONVERSION = YES;
				CLANG_WARN_COMMA = YES;
				CLANG_WARN_CONSTANT_CONVERSION = YES;
				CLANG_WARN_DEPRECATED_OBJC_IMPLEMENTATIONS = YES;
				CLANG_WARN_DIRECT_OBJC_ISA_USAGE = YES_ERROR;
				CLANG_WARN_DOCUMENTATION_COMMENTS = YES;
				CLANG_WARN_EMPTY_BODY = YES;
				CLANG_WARN_ENUM_CONVERSION = YES;
				CLANG_WARN_INFINITE_RECURSION = YES;
				CLANG_WARN_INT_CONVERSION = YES;
				CLANG_WARN_NON_LITERAL_NULL_CONVERSION = YES;
				CLANG_WARN_OBJC_IMPLICIT_RETAIN_SELF = YES;
				CLANG_WARN_OBJC_LITERAL_CONVERSION = YES;
				CLANG_WARN_OBJC_ROOT_CLASS = YES_ERROR;
				CLANG_WARN_QUOTED_INCLUDE_IN_FRAMEWORK_HEADER = YES;
				CLANG_WARN_RANGE_LOOP_ANALYSIS = YES;
				CLANG_WARN_STRICT_PROTOTYPES = YES;
				CLANG_WARN_SUSPICIOUS_MOVE = YES;
				CLANG_WARN_UNGUARDED_AVAILABILITY = YES_AGGRESSIVE;
				CLANG_WARN_UNREACHABLE_CODE = YES;
				CLANG_WARN__DUPLICATE_METHOD_MATCH = YES;
				COPY_PHASE_STRIP = NO;
				DEBUG_INFORMATION_FORMAT = "dwarf-with-dsym";
				ENABLE_NS_ASSERTIONS = NO;
				ENABLE_STRICT_OBJC_MSGSEND = YES;
				GCC_C_LANGUAGE_STANDARD = gnu11;
				GCC_NO_COMMON_BLOCKS = YES;
				GCC_WARN_64_TO_32_BIT_CONVERSION = YES;
				GCC_WARN_ABOUT_RETURN_TYPE = YES_ERROR;
				GCC_WARN_UNDECLARED_SELECTOR = YES;
				GCC_WARN_UNINITIALIZED_AUTOS = YES_AGGRESSIVE;
				GCC_WARN_UNUSED_FUNCTION = YES;
				GCC_WARN_UNUSED_VARIABLE = YES;
				IPHONEOS_DEPLOYMENT_TARGET = 14.3;
				MTL_ENABLE_DEBUG_INFO = NO;
				MTL_FAST_MATH = YES;
				SDKROOT = iphoneos;
				SWIFT_COMPILATION_MODE = wholemodule;
				SWIFT_OPTIMIZATION_LEVEL = "-O";
				VALIDATE_PRODUCT = YES;
			};
			name = Release;
		};
		12004295260CCB6F002CB846 /* Debug */ = {
			isa = XCBuildConfiguration;
			buildSettings = {
				ASSETCATALOG_COMPILER_APPICON_NAME = AppIcon;
				ASSETCATALOG_COMPILER_GLOBAL_ACCENT_COLOR_NAME = AccentColor;
				CODE_SIGN_STYLE = Automatic;
				DEVELOPMENT_TEAM = 8FT674V95S;
				INFOPLIST_FILE = UIPractice/Info.plist;
				LD_RUNPATH_SEARCH_PATHS = (
					"$(inherited)",
					"@executable_path/Frameworks",
				);
				PRODUCT_BUNDLE_IDENTIFIER = che.tech.UIPractice;
				PRODUCT_NAME = "$(TARGET_NAME)";
				SWIFT_VERSION = 5.0;
				TARGETED_DEVICE_FAMILY = 1;
			};
			name = Debug;
		};
		12004296260CCB6F002CB846 /* Release */ = {
			isa = XCBuildConfiguration;
			buildSettings = {
				ASSETCATALOG_COMPILER_APPICON_NAME = AppIcon;
				ASSETCATALOG_COMPILER_GLOBAL_ACCENT_COLOR_NAME = AccentColor;
				CODE_SIGN_STYLE = Automatic;
				DEVELOPMENT_TEAM = 8FT674V95S;
				INFOPLIST_FILE = UIPractice/Info.plist;
				LD_RUNPATH_SEARCH_PATHS = (
					"$(inherited)",
					"@executable_path/Frameworks",
				);
				PRODUCT_BUNDLE_IDENTIFIER = che.tech.UIPractice;
				PRODUCT_NAME = "$(TARGET_NAME)";
				SWIFT_VERSION = 5.0;
				TARGETED_DEVICE_FAMILY = 1;
			};
			name = Release;
		};
/* End XCBuildConfiguration section */

/* Begin XCConfigurationList section */
		1200427B260CCB6C002CB846 /* Build configuration list for PBXProject "UIPractice" */ = {
			isa = XCConfigurationList;
			buildConfigurations = (
				12004292260CCB6F002CB846 /* Debug */,
				12004293260CCB6F002CB846 /* Release */,
			);
			defaultConfigurationIsVisible = 0;
			defaultConfigurationName = Release;
		};
		12004294260CCB6F002CB846 /* Build configuration list for PBXNativeTarget "UIPractice" */ = {
			isa = XCConfigurationList;
			buildConfigurations = (
				12004295260CCB6F002CB846 /* Debug */,
				12004296260CCB6F002CB846 /* Release */,
			);
			defaultConfigurationIsVisible = 0;
			defaultConfigurationName = Release;
		};
/* End XCConfigurationList section */

/* Begin XCRemoteSwiftPackageReference section */
		1253D5A1260CF028007F4B6C /* XCRemoteSwiftPackageReference "SnapKit" */ = {
			isa = XCRemoteSwiftPackageReference;
			repositoryURL = "https://github.com/SnapKit/SnapKit.git";
			requirement = {
				kind = upToNextMajorVersion;
				minimumVersion = 5.0.1;
			};
		};
/* End XCRemoteSwiftPackageReference section */

/* Begin XCSwiftPackageProductDependency section */
		1253D5A2260CF028007F4B6C /* SnapKit */ = {
			isa = XCSwiftPackageProductDependency;
			package = 1253D5A1260CF028007F4B6C /* XCRemoteSwiftPackageReference "SnapKit" */;
			productName = SnapKit;
		};
/* End XCSwiftPackageProductDependency section */
	};
	rootObject = 12004278260CCB6C002CB846 /* Project object */;
}
